
Microsoft Visual Studio Solution File, Format Version 12.00
# Visual Studio 15
VisualStudioVersion = 15.0.28307.421
MinimumVisualStudioVersion = 10.0.40219.1
Project("{FAE04EC0-301F-11D3-BF4B-00C04F79EFBC}") = "Lexer", "Lexer\Lexer.csproj", "{8D4FB903-1A85-4B29-818C-E37FD921CD57}"
EndProject
Project("{FAE04EC0-301F-11D3-BF4B-00C04F79EFBC}") = "LexerUnitTest", "LexerUnitTest\LexerUnitTest.csproj", "{AC0412C6-5179-4E30-9C1D-D142BE24BD18}"
EndProject
Project("{FAE04EC0-301F-11D3-BF4B-00C04F79EFBC}") = "Parser", "Parser\Parser.csproj", "{990AC147-609F-47A8-A91B-D1DCF0CE0EF3}"
EndProject
Global
	GlobalSection(SolutionConfigurationPlatforms) = preSolution
		Debug|Any CPU = Debug|Any CPU
		Release|Any CPU = Release|Any CPU
	EndGlobalSection
	GlobalSection(ProjectConfigurationPlatforms) = postSolution
		{8D4FB903-1A85-4B29-818C-E37FD921CD57}.Debug|Any CPU.ActiveCfg = Debug|Any CPU
		{8D4FB903-1A85-4B29-818C-E37FD921CD57}.Debug|Any CPU.Build.0 = Debug|Any CPU
		{8D4FB903-1A85-4B29-818C-E37FD921CD57}.Release|Any CPU.ActiveCfg = Release|Any CPU
		{8D4FB903-1A85-4B29-818C-E37FD921CD57}.Release|Any CPU.Build.0 = Release|Any CPU
		{AC0412C6-5179-4E30-9C1D-D142BE24BD18}.Debug|Any CPU.ActiveCfg = Debug|Any CPU
		{AC0412C6-5179-4E30-9C1D-D142BE24BD18}.Debug|Any CPU.Build.0 = Debug|Any CPU
		{AC0412C6-5179-4E30-9C1D-D142BE24BD18}.Release|Any CPU.ActiveCfg = Release|Any CPU
		{AC0412C6-5179-4E30-9C1D-D142BE24BD18}.Release|Any CPU.Build.0 = Release|Any CPU
		{990AC147-609F-47A8-A91B-D1DCF0CE0EF3}.Debug|Any CPU.ActiveCfg = Debug|Any CPU
		{990AC147-609F-47A8-A91B-D1DCF0CE0EF3}.Debug|Any CPU.Build.0 = Debug|Any CPU
		{990AC147-609F-47A8-A91B-D1DCF0CE0EF3}.Release|Any CPU.ActiveCfg = Release|Any CPU
		{990AC147-609F-47A8-A91B-D1DCF0CE0EF3}.Release|Any CPU.Build.0 = Release|Any CPU
	EndGlobalSection
	GlobalSection(SolutionProperties) = preSolution
		HideSolutionNode = FALSE
	EndGlobalSection
	GlobalSection(ExtensibilityGlobals) = postSolution
		SolutionGuid = {97BC10FA-9A74-4093-A133-CEDA7CC9231A}
	EndGlobalSection
EndGlobal
